
Microsoft Visual Studio Solution File, Format Version 12.00
# Visual Studio Version 17
VisualStudioVersion = 17.4.33205.214
MinimumVisualStudioVersion = 10.0.40219.1
Project("{9A19103F-16F7-4668-BE54-9A1E7A4F7556}") = "ConsoleApp1", "ConsoleApp1\ConsoleApp1.csproj", "{E5DD0537-C4A7-41FA-815D-CAE5F111A967}"
EndProject
Project("{9A19103F-16F7-4668-BE54-9A1E7A4F7556}") = "ConsoleApp2", "ConsoleApp2\ConsoleApp2.csproj", "{ED7B2C55-082A-44C5-B508-324C9A5F7C0A}"
EndProject
Project("{9A19103F-16F7-4668-BE54-9A1E7A4F7556}") = "ConsoleApp3", "ConsoleApp3\ConsoleApp3.csproj", "{8F8B5A40-24B8-4E96-9495-00D3FAC8D3F1}"
EndProject
Project("{9A19103F-16F7-4668-BE54-9A1E7A4F7556}") = "ConsoleApp4", "ConsoleApp4\ConsoleApp4.csproj", "{6C35CBFB-A2CA-4BD7-B909-A810B503BE19}"
EndProject
Project("{9A19103F-16F7-4668-BE54-9A1E7A4F7556}") = "ConsoleApp5", "ConsoleApp5\ConsoleApp5.csproj", "{0D46C936-15DA-445C-82E3-7D709519162B}"
EndProject
Project("{9A19103F-16F7-4668-BE54-9A1E7A4F7556}") = "TestCode", "FriendCodeTest\TestCode.csproj", "{1CC52CC4-367D-4F14-88AF-74DF31C27A5E}"
EndProject
Project("{FAE04EC0-301F-11D3-BF4B-00C04F79EFBC}") = "ConsoleApp6", "ConsoleApp6\ConsoleApp6.csproj", "{2123E741-4002-4D35-BDA4-C93DC9671D8A}"
EndProject
Global
	GlobalSection(SolutionConfigurationPlatforms) = preSolution
		Debug|Any CPU = Debug|Any CPU
		Release|Any CPU = Release|Any CPU
	EndGlobalSection
	GlobalSection(ProjectConfigurationPlatforms) = postSolution
		{E5DD0537-C4A7-41FA-815D-CAE5F111A967}.Debug|Any CPU.ActiveCfg = Debug|Any CPU
		{E5DD0537-C4A7-41FA-815D-CAE5F111A967}.Debug|Any CPU.Build.0 = Debug|Any CPU
		{E5DD0537-C4A7-41FA-815D-CAE5F111A967}.Release|Any CPU.ActiveCfg = Release|Any CPU
		{E5DD0537-C4A7-41FA-815D-CAE5F111A967}.Release|Any CPU.Build.0 = Release|Any CPU
		{ED7B2C55-082A-44C5-B508-324C9A5F7C0A}.Debug|Any CPU.ActiveCfg = Debug|Any CPU
		{ED7B2C55-082A-44C5-B508-324C9A5F7C0A}.Debug|Any CPU.Build.0 = Debug|Any CPU
		{ED7B2C55-082A-44C5-B508-324C9A5F7C0A}.Release|Any CPU.ActiveCfg = Release|Any CPU
		{ED7B2C55-082A-44C5-B508-324C9A5F7C0A}.Release|Any CPU.Build.0 = Release|Any CPU
		{8F8B5A40-24B8-4E96-9495-00D3FAC8D3F1}.Debug|Any CPU.ActiveCfg = Debug|Any CPU
		{8F8B5A40-24B8-4E96-9495-00D3FAC8D3F1}.Debug|Any CPU.Build.0 = Debug|Any CPU
		{8F8B5A40-24B8-4E96-9495-00D3FAC8D3F1}.Release|Any CPU.ActiveCfg = Release|Any CPU
		{8F8B5A40-24B8-4E96-9495-00D3FAC8D3F1}.Release|Any CPU.Build.0 = Release|Any CPU
		{6C35CBFB-A2CA-4BD7-B909-A810B503BE19}.Debug|Any CPU.ActiveCfg = Debug|Any CPU
		{6C35CBFB-A2CA-4BD7-B909-A810B503BE19}.Debug|Any CPU.Build.0 = Debug|Any CPU
		{6C35CBFB-A2CA-4BD7-B909-A810B503BE19}.Release|Any CPU.ActiveCfg = Release|Any CPU
		{6C35CBFB-A2CA-4BD7-B909-A810B503BE19}.Release|Any CPU.Build.0 = Release|Any CPU
		{0D46C936-15DA-445C-82E3-7D709519162B}.Debug|Any CPU.ActiveCfg = Debug|Any CPU
		{0D46C936-15DA-445C-82E3-7D709519162B}.Debug|Any CPU.Build.0 = Debug|Any CPU
		{0D46C936-15DA-445C-82E3-7D709519162B}.Release|Any CPU.ActiveCfg = Release|Any CPU
		{0D46C936-15DA-445C-82E3-7D709519162B}.Release|Any CPU.Build.0 = Release|Any CPU
		{1CC52CC4-367D-4F14-88AF-74DF31C27A5E}.Debug|Any CPU.ActiveCfg = Debug|Any CPU
		{1CC52CC4-367D-4F14-88AF-74DF31C27A5E}.Debug|Any CPU.Build.0 = Debug|Any CPU
		{1CC52CC4-367D-4F14-88AF-74DF31C27A5E}.Release|Any CPU.ActiveCfg = Release|Any CPU
		{1CC52CC4-367D-4F14-88AF-74DF31C27A5E}.Release|Any CPU.Build.0 = Release|Any CPU
		{2123E741-4002-4D35-BDA4-C93DC9671D8A}.Debug|Any CPU.ActiveCfg = Debug|Any CPU
		{2123E741-4002-4D35-BDA4-C93DC9671D8A}.Debug|Any CPU.Build.0 = Debug|Any CPU
		{2123E741-4002-4D35-BDA4-C93DC9671D8A}.Release|Any CPU.ActiveCfg = Release|Any CPU
		{2123E741-4002-4D35-BDA4-C93DC9671D8A}.Release|Any CPU.Build.0 = Release|Any CPU
	EndGlobalSection
	GlobalSection(SolutionProperties) = preSolution
		HideSolutionNode = FALSE
	EndGlobalSection
	GlobalSection(ExtensibilityGlobals) = postSolution
		SolutionGuid = {CCEBA525-91CD-452B-81B5-B160FB2A2C7E}
	EndGlobalSection
EndGlobal
